// !$*UTF8*$!
{
	archiveVersion = 1;
	classes = {
	};
	objectVersion = 50;
	objects = {

/* Begin PBXBuildFile section */
		E80ED109224A235E00EDEC68 /* AppDelegate.m in Sources */ = {isa = PBXBuildFile; fileRef = E80ED108224A235E00EDEC68 /* AppDelegate.m */; };
		E80ED10C224A235E00EDEC68 /* ViewController.m in Sources */ = {isa = PBXBuildFile; fileRef = E80ED10B224A235E00EDEC68 /* ViewController.m */; };
		E80ED10F224A235E00EDEC68 /* Main.storyboard in Resources */ = {isa = PBXBuildFile; fileRef = E80ED10D224A235E00EDEC68 /* Main.storyboard */; };
		E80ED111224A236100EDEC68 /* Assets.xcassets in Resources */ = {isa = PBXBuildFile; fileRef = E80ED110224A236100EDEC68 /* Assets.xcassets */; };
		E80ED114224A236100EDEC68 /* LaunchScreen.storyboard in Resources */ = {isa = PBXBuildFile; fileRef = E80ED112224A236100EDEC68 /* LaunchScreen.storyboard */; };
		E80ED117224A236100EDEC68 /* main.m in Sources */ = {isa = PBXBuildFile; fileRef = E80ED116224A236100EDEC68 /* main.m */; };
/* End PBXBuildFile section */

/* Begin PBXFileReference section */
		E80ED104224A235E00EDEC68 /* maps_HolmogorovDmitry_l4.app */ = {isa = PBXFileReference; explicitFileType = wrapper.application; includeInIndex = 0; path = maps_HolmogorovDmitry_l4.app; sourceTree = BUILT_PRODUCTS_DIR; };
		E80ED107224A235E00EDEC68 /* AppDelegate.h */ = {isa = PBXFileReference; lastKnownFileType = sourcecode.c.h; path = AppDelegate.h; sourceTree = "<group>"; };
		E80ED108224A235E00EDEC68 /* AppDelegate.m */ = {isa = PBXFileReference; lastKnownFileType = sourcecode.c.objc; path = AppDelegate.m; sourceTree = "<group>"; };
		E80ED10A224A235E00EDEC68 /* ViewController.h */ = {isa = PBXFileReference; lastKnownFileType = sourcecode.c.h; path = ViewController.h; sourceTree = "<group>"; };
		E80ED10B224A235E00EDEC68 /* ViewController.m */ = {isa = PBXFileReference; lastKnownFileType = sourcecode.c.objc; path = ViewController.m; sourceTree = "<group>"; };
		E80ED10E224A235E00EDEC68 /* Base */ = {isa = PBXFileReference; lastKnownFileType = file.storyboard; name = Base; path = Base.lproj/Main.storyboard; sourceTree = "<group>"; };
		E80ED110224A236100EDEC68 /* Assets.xcassets */ = {isa = PBXFileReference; lastKnownFileType = folder.assetcatalog; path = Assets.xcassets; sourceTree = "<group>"; };
		E80ED113224A236100EDEC68 /* Base */ = {isa = PBXFileReference; lastKnownFileType = file.storyboard; name = Base; path = Base.lproj/LaunchScreen.storyboard; sourceTree = "<group>"; };
		E80ED115224A236100EDEC68 /* Info.plist */ = {isa = PBXFileReference; lastKnownFileType = text.plist.xml; path = Info.plist; sourceTree = "<group>"; };
		E80ED116224A236100EDEC68 /* main.m */ = {isa = PBXFileReference; lastKnownFileType = sourcecode.c.objc; path = main.m; sourceTree = "<group>"; };
/* End PBXFileReference section */

/* Begin PBXFrameworksBuildPhase section */
		E80ED101224A235E00EDEC68 /* Frameworks */ = {
			isa = PBXFrameworksBuildPhase;
			buildActionMask = 2147483647;
			files = (
			);
			runOnlyForDeploymentPostprocessing = 0;
		};
/* End PBXFrameworksBuildPhase section */

/* Begin PBXGroup section */
		E80ED0FB224A235E00EDEC68 = {
			isa = PBXGroup;
			children = (
				E80ED106224A235E00EDEC68 /* maps_HolmogorovDmitry_l4 */,
				E80ED105224A235E00EDEC68 /* Products */,
			);
			sourceTree = "<group>";
		};
		E80ED105224A235E00EDEC68 /* Products */ = {
			isa = PBXGroup;
			children = (
				E80ED104224A235E00EDEC68 /* maps_HolmogorovDmitry_l4.app */,
			);
			name = Products;
			sourceTree = "<group>";
		};
		E80ED106224A235E00EDEC68 /* maps_HolmogorovDmitry_l4 */ = {
			isa = PBXGroup;
			children = (
				E80ED107224A235E00EDEC68 /* AppDelegate.h */,
				E80ED108224A235E00EDEC68 /* AppDelegate.m */,
				E80ED10A224A235E00EDEC68 /* ViewController.h */,
				E80ED10B224A235E00EDEC68 /* ViewController.m */,
				E80ED10D224A235E00EDEC68 /* Main.storyboard */,
				E80ED110224A236100EDEC68 /* Assets.xcassets */,
				E80ED112224A236100EDEC68 /* LaunchScreen.storyboard */,
				E80ED115224A236100EDEC68 /* Info.plist */,
				E80ED116224A236100EDEC68 /* main.m */,
			);
			path = maps_HolmogorovDmitry_l4;
			sourceTree = "<group>";
		};
/* End PBXGroup section */

/* Begin PBXNativeTarget section */
		E80ED103224A235E00EDEC68 /* maps_HolmogorovDmitry_l4 */ = {
			isa = PBXNativeTarget;
			buildConfigurationList = E80ED11A224A236100EDEC68 /* Build configuration list for PBXNativeTarget "maps_HolmogorovDmitry_l4" */;
			buildPhases = (
				E80ED100224A235E00EDEC68 /* Sources */,
				E80ED101224A235E00EDEC68 /* Frameworks */,
				E80ED102224A235E00EDEC68 /* Resources */,
			);
			buildRules = (
			);
			dependencies = (
			);
			name = maps_HolmogorovDmitry_l4;
			productName = maps_HolmogorovDmitry_l4;
			productReference = E80ED104224A235E00EDEC68 /* maps_HolmogorovDmitry_l4.app */;
			productType = "com.apple.product-type.application";
		};
/* End PBXNativeTarget section */

/* Begin PBXProject section */
		E80ED0FC224A235E00EDEC68 /* Project object */ = {
			isa = PBXProject;
			attributes = {
				LastUpgradeCheck = 1020;
				ORGANIZATIONNAME = Dmitry;
				TargetAttributes = {
					E80ED103224A235E00EDEC68 = {
						CreatedOnToolsVersion = 10.2;
					};
				};
			};
			buildConfigurationList = E80ED0FF224A235E00EDEC68 /* Build configuration list for PBXProject "maps_HolmogorovDmitry_l4" */;
			compatibilityVersion = "Xcode 9.3";
			developmentRegion = en;
			hasScannedForEncodings = 0;
			knownRegions = (
				en,
				Base,
			);
			mainGroup = E80ED0FB224A235E00EDEC68;
			productRefGroup = E80ED105224A235E00EDEC68 /* Products */;
			projectDirPath = "";
			projectRoot = "";
			targets = (
				E80ED103224A235E00EDEC68 /* maps_HolmogorovDmitry_l4 */,
			);
		};
/* End PBXProject section */

/* Begin PBXResourcesBuildPhase section */
		E80ED102224A235E00EDEC68 /* Resources */ = {
			isa = PBXResourcesBuildPhase;
			buildActionMask = 2147483647;
			files = (
				E80ED114224A236100EDEC68 /* LaunchScreen.storyboard in Resources */,
				E80ED111224A236100EDEC68 /* Assets.xcassets in Resources */,
				E80ED10F224A235E00EDEC68 /* Main.storyboard in Resources */,
			);
			runOnlyForDeploymentPostprocessing = 0;
		};
/* End PBXResourcesBuildPhase section */

/* Begin PBXSourcesBuildPhase section */
		E80ED100224A235E00EDEC68 /* Sources */ = {
			isa = PBXSourcesBuildPhase;
			buildActionMask = 2147483647;
			files = (
				E80ED10C224A235E00EDEC68 /* ViewController.m in Sources */,
				E80ED117224A236100EDEC68 /* main.m in Sources */,
				E80ED109224A235E00EDEC68 /* AppDelegate.m in Sources */,
			);
			runOnlyForDeploymentPostprocessing = 0;
		};
/* End PBXSourcesBuildPhase section */

/* Begin PBXVariantGroup section */
		E80ED10D224A235E00EDEC68 /* Main.storyboard */ = {
			isa = PBXVariantGroup;
			children = (
				E80ED10E224A235E00EDEC68 /* Base */,
			);
			name = Main.storyboard;
			sourceTree = "<group>";
		};
		E80ED112224A236100EDEC68 /* LaunchScreen.storyboard */ = {
			isa = PBXVariantGroup;
			children = (
				E80ED113224A236100EDEC68 /* Base */,
			);
			name = LaunchScreen.storyboard;
			sourceTree = "<group>";
		};
/* End PBXVariantGroup section */

/* Begin XCBuildConfiguration section */
		E80ED118224A236100EDEC68 /* Debug */ = {
			isa = XCBuildConfiguration;
			buildSettings = {
				ALWAYS_SEARCH_USER_PATHS = NO;
				CLANG_ANALYZER_NONNULL = YES;
				CLANG_ANALYZER_NUMBER_OBJECT_CONVERSION = YES_AGGRESSIVE;
				CLANG_CXX_LANGUAGE_STANDARD = "gnu++14";
				CLANG_CXX_LIBRARY = "libc++";
				CLANG_ENABLE_MODULES = YES;
				CLANG_ENABLE_OBJC_ARC = YES;
				CLANG_ENABLE_OBJC_WEAK = YES;
				CLANG_WARN_BLOCK_CAPTURE_AUTORELEASING = YES;
				CLANG_WARN_BOOL_CONVERSION = YES;
				CLANG_WARN_COMMA = YES;
				CLANG_WARN_CONSTANT_CONVERSION = YES;
				CLANG_WARN_DEPRECATED_OBJC_IMPLEMENTATIONS = YES;
				CLANG_WARN_DIRECT_OBJC_ISA_USAGE = YES_ERROR;
				CLANG_WARN_DOCUMENTATION_COMMENTS = YES;
				CLANG_WARN_EMPTY_BODY = YES;
				CLANG_WARN_ENUM_CONVERSION = YES;
				CLANG_WARN_INFINITE_RECURSION = YES;
				CLANG_WARN_INT_CONVERSION = YES;
				CLANG_WARN_NON_LITERAL_NULL_CONVERSION = YES;
				CLANG_WARN_OBJC_IMPLICIT_RETAIN_SELF = YES;
				CLANG_WARN_OBJC_LITERAL_CONVERSION = YES;
				CLANG_WARN_OBJC_ROOT_CLASS = YES_ERROR;
				CLANG_WARN_RANGE_LOOP_ANALYSIS = YES;
				CLANG_WARN_STRICT_PROTOTYPES = YES;
				CLANG_WARN_SUSPICIOUS_MOVE = YES;
				CLANG_WARN_UNGUARDED_AVAILABILITY = YES_AGGRESSIVE;
				CLANG_WARN_UNREACHABLE_CODE = YES;
				CLANG_WARN__DUPLICATE_METHOD_MATCH = YES;
				CODE_SIGN_IDENTITY = "iPhone Developer";
				COPY_PHASE_STRIP = NO;
				DEBUG_INFORMATION_FORMAT = dwarf;
				ENABLE_STRICT_OBJC_MSGSEND = YES;
				ENABLE_TESTABILITY = YES;
				GCC_C_LANGUAGE_STANDARD = gnu11;
				GCC_DYNAMIC_NO_PIC = NO;
				GCC_NO_COMMON_BLOCKS = YES;
				GCC_OPTIMIZATION_LEVEL = 0;
				GCC_PREPROCESSOR_DEFINITIONS = (
					"DEBUG=1",
					"$(inherited)",
				);
				GCC_WARN_64_TO_32_BIT_CONVERSION = YES;
				GCC_WARN_ABOUT_RETURN_TYPE = YES_ERROR;
				GCC_WARN_UNDECLARED_SELECTOR = YES;
				GCC_WARN_UNINITIALIZED_AUTOS = YES_AGGRESSIVE;
				GCC_WARN_UNUSED_FUNCTION = YES;
				GCC_WARN_UNUSED_VARIABLE = YES;
				IPHONEOS_DEPLOYMENT_TARGET = 12.2;
				MTL_ENABLE_DEBUG_INFO = INCLUDE_SOURCE;
				MTL_FAST_MATH = YES;
				ONLY_ACTIVE_ARCH = YES;
				SDKROOT = iphoneos;
			};
			name = Debug;
		};
		E80ED119224A236100EDEC68 /* Release */ = {
			isa = XCBuildConfiguration;
			buildSettings = {
				ALWAYS_SEARCH_USER_PATHS = NO;
				CLANG_ANALYZER_NONNULL = YES;
				CLANG_ANALYZER_NUMBER_OBJECT_CONVERSION = YES_AGGRESSIVE;
				CLANG_CXX_LANGUAGE_STANDARD = "gnu++14";
				CLANG_CXX_LIBRARY = "libc++";
				CLANG_ENABLE_MODULES = YES;
				CLANG_ENABLE_OBJC_ARC = YES;
				CLANG_ENABLE_OBJC_WEAK = YES;
				CLANG_WARN_BLOCK_CAPTURE_AUTORELEASING = YES;
				CLANG_WARN_BOOL_CONVERSION = YES;
				CLANG_WARN_COMMA = YES;
				CLANG_WARN_CONSTANT_CONVERSION = YES;
				CLANG_WARN_DEPRECATED_OBJC_IMPLEMENTATIONS = YES;
				CLANG_WARN_DIRECT_OBJC_ISA_USAGE = YES_ERROR;
				CLANG_WARN_DOCUMENTATION_COMMENTS = YES;
				CLANG_WARN_EMPTY_BODY = YES;
				CLANG_WARN_ENUM_CONVERSION = YES;
				CLANG_WARN_INFINITE_RECURSION = YES;
				CLANG_WARN_INT_CONVERSION = YES;
				CLANG_WARN_NON_LITERAL_NULL_CONVERSION = YES;
				CLANG_WARN_OBJC_IMPLICIT_RETAIN_SELF = YES;
				CLANG_WARN_OBJC_LITERAL_CONVERSION = YES;
				CLANG_WARN_OBJC_ROOT_CLASS = YES_ERROR;
				CLANG_WARN_RANGE_LOOP_ANALYSIS = YES;
				CLANG_WARN_STRICT_PROTOTYPES = YES;
				CLANG_WARN_SUSPICIOUS_MOVE = YES;
				CLANG_WARN_UNGUARDED_AVAILABILITY = YES_AGGRESSIVE;
				CLANG_WARN_UNREACHABLE_CODE = YES;
				CLANG_WARN__DUPLICATE_METHOD_MATCH = YES;
				CODE_SIGN_IDENTITY = "iPhone Developer";
				COPY_PHASE_STRIP = NO;
				DEBUG_INFORMATION_FORMAT = "dwarf-with-dsym";
				ENABLE_NS_ASSERTIONS = NO;
				ENABLE_STRICT_OBJC_MSGSEND = YES;
				GCC_C_LANGUAGE_STANDARD = gnu11;
				GCC_NO_COMMON_BLOCKS = YES;
				GCC_WARN_64_TO_32_BIT_CONVERSION = YES;
				GCC_WARN_ABOUT_RETURN_TYPE = YES_ERROR;
				GCC_WARN_UNDECLARED_SELECTOR = YES;
				GCC_WARN_UNINITIALIZED_AUTOS = YES_AGGRESSIVE;
				GCC_WARN_UNUSED_FUNCTION = YES;
				GCC_WARN_UNUSED_VARIABLE = YES;
				IPHONEOS_DEPLOYMENT_TARGET = 12.2;
				MTL_ENABLE_DEBUG_INFO = NO;
				MTL_FAST_MATH = YES;
				SDKROOT = iphoneos;
				VALIDATE_PRODUCT = YES;
			};
			name = Release;
		};
		E80ED11B224A236100EDEC68 /* Debug */ = {
			isa = XCBuildConfiguration;
			buildSettings = {
				ASSETCATALOG_COMPILER_APPICON_NAME = AppIcon;
				CODE_SIGN_STYLE = Automatic;
				DEVELOPMENT_TEAM = 6T5J3J8NFX;
				INFOPLIST_FILE = maps_HolmogorovDmitry_l4/Info.plist;
				LD_RUNPATH_SEARCH_PATHS = (
					"$(inherited)",
					"@executable_path/Frameworks",
				);
				PRODUCT_BUNDLE_IDENTIFIER = "DH.maps-HolmogorovDmitry-l4";
				PRODUCT_NAME = "$(TARGET_NAME)";
				TARGETED_DEVICE_FAMILY = "1,2";
			};
			name = Debug;
		};
		E80ED11C224A236100EDEC68 /* Release */ = {
			isa = XCBuildConfiguration;
			buildSettings = {
				ASSETCATALOG_COMPILER_APPICON_NAME = AppIcon;
				CODE_SIGN_STYLE = Automatic;
				DEVELOPMENT_TEAM = 6T5J3J8NFX;
				INFOPLIST_FILE = maps_HolmogorovDmitry_l4/Info.plist;
				LD_RUNPATH_SEARCH_PATHS = (
					"$(inherited)",
					"@executable_path/Frameworks",
				);
				PRODUCT_BUNDLE_IDENTIFIER = "DH.maps-HolmogorovDmitry-l4";
				PRODUCT_NAME = "$(TARGET_NAME)";
				TARGETED_DEVICE_FAMILY = "1,2";
			};
			name = Release;
		};
/* End XCBuildConfiguration section */

/* Begin XCConfigurationList section */
		E80ED0FF224A235E00EDEC68 /* Build configuration list for PBXProject "maps_HolmogorovDmitry_l4" */ = {
			isa = XCConfigurationList;
			buildConfigurations = (
				E80ED118224A236100EDEC68 /* Debug */,
				E80ED119224A236100EDEC68 /* Release */,
			);
			defaultConfigurationIsVisible = 0;
			defaultConfigurationName = Release;
		};
		E80ED11A224A236100EDEC68 /* Build configuration list for PBXNativeTarget "maps_HolmogorovDmitry_l4" */ = {
			isa = XCConfigurationList;
			buildConfigurations = (
				E80ED11B224A236100EDEC68 /* Debug */,
				E80ED11C224A236100EDEC68 /* Release */,
			);
			defaultConfigurationIsVisible = 0;
			defaultConfigurationName = Release;
		};
/* End XCConfigurationList section */
	};
	rootObject = E80ED0FC224A235E00EDEC68 /* Project object */;
}
